// !$*UTF8*$!
{
	archiveVersion = 1;
	classes = {
	};
	objectVersion = 56;
	objects = {

/* Begin PBXBuildFile section */
		9C4D18902BDA868C00F365E5 /* PostsTechiebutlerApp.swift in Sources */ = {isa = PBXBuildFile; fileRef = 9C4D188F2BDA868C00F365E5 /* PostsTechiebutlerApp.swift */; };
		9C4D18942BDA868F00F365E5 /* Assets.xcassets in Resources */ = {isa = PBXBuildFile; fileRef = 9C4D18932BDA868F00F365E5 /* Assets.xcassets */; };
		9C4D18972BDA868F00F365E5 /* Preview Assets.xcassets in Resources */ = {isa = PBXBuildFile; fileRef = 9C4D18962BDA868F00F365E5 /* Preview Assets.xcassets */; };
		9C4D18A12BDA868F00F365E5 /* PostsTechiebutlerTests.swift in Sources */ = {isa = PBXBuildFile; fileRef = 9C4D18A02BDA868F00F365E5 /* PostsTechiebutlerTests.swift */; };
		9C4D18AB2BDA868F00F365E5 /* PostsTechiebutlerUITests.swift in Sources */ = {isa = PBXBuildFile; fileRef = 9C4D18AA2BDA868F00F365E5 /* PostsTechiebutlerUITests.swift */; };
		9C4D18AD2BDA868F00F365E5 /* PostsTechiebutlerUITestsLaunchTests.swift in Sources */ = {isa = PBXBuildFile; fileRef = 9C4D18AC2BDA868F00F365E5 /* PostsTechiebutlerUITestsLaunchTests.swift */; };
		9C4D18BA2BDA88A800F365E5 /* PostsView.swift in Sources */ = {isa = PBXBuildFile; fileRef = 9C4D18B92BDA88A800F365E5 /* PostsView.swift */; };
		9C4D18BC2BDA8C5700F365E5 /* APIManager.swift in Sources */ = {isa = PBXBuildFile; fileRef = 9C4D18BB2BDA8C5700F365E5 /* APIManager.swift */; };
		9C4D18BE2BDA8CA600F365E5 /* PostModel.swift in Sources */ = {isa = PBXBuildFile; fileRef = 9C4D18BD2BDA8CA600F365E5 /* PostModel.swift */; };
		9C4D18C02BDA8D7A00F365E5 /* PostViewModel.swift in Sources */ = {isa = PBXBuildFile; fileRef = 9C4D18BF2BDA8D7A00F365E5 /* PostViewModel.swift */; };
		9C4D18C22BDA8F7000F365E5 /* ListPostView.swift in Sources */ = {isa = PBXBuildFile; fileRef = 9C4D18C12BDA8F7000F365E5 /* ListPostView.swift */; };
		9C4D18C42BDA914200F365E5 /* ActivityIndicatorView.swift in Sources */ = {isa = PBXBuildFile; fileRef = 9C4D18C32BDA914200F365E5 /* ActivityIndicatorView.swift */; };
		9C4D18C92BDABC4D00F365E5 /* PostDetailView.swift in Sources */ = {isa = PBXBuildFile; fileRef = 9C4D18C82BDABC4D00F365E5 /* PostDetailView.swift */; };
/* End PBXBuildFile section */

/* Begin PBXContainerItemProxy section */
		9C4D189D2BDA868F00F365E5 /* PBXContainerItemProxy */ = {
			isa = PBXContainerItemProxy;
			containerPortal = 9C4D18842BDA868C00F365E5 /* Project object */;
			proxyType = 1;
			remoteGlobalIDString = 9C4D188B2BDA868C00F365E5;
			remoteInfo = PostsTechiebutler;
		};
		9C4D18A72BDA868F00F365E5 /* PBXContainerItemProxy */ = {
			isa = PBXContainerItemProxy;
			containerPortal = 9C4D18842BDA868C00F365E5 /* Project object */;
			proxyType = 1;
			remoteGlobalIDString = 9C4D188B2BDA868C00F365E5;
			remoteInfo = PostsTechiebutler;
		};
/* End PBXContainerItemProxy section */

/* Begin PBXFileReference section */
		9C4D188C2BDA868C00F365E5 /* PostsTechiebutler.app */ = {isa = PBXFileReference; explicitFileType = wrapper.application; includeInIndex = 0; path = PostsTechiebutler.app; sourceTree = BUILT_PRODUCTS_DIR; };
		9C4D188F2BDA868C00F365E5 /* PostsTechiebutlerApp.swift */ = {isa = PBXFileReference; lastKnownFileType = sourcecode.swift; path = PostsTechiebutlerApp.swift; sourceTree = "<group>"; };
		9C4D18932BDA868F00F365E5 /* Assets.xcassets */ = {isa = PBXFileReference; lastKnownFileType = folder.assetcatalog; path = Assets.xcassets; sourceTree = "<group>"; };
		9C4D18962BDA868F00F365E5 /* Preview Assets.xcassets */ = {isa = PBXFileReference; lastKnownFileType = folder.assetcatalog; path = "Preview Assets.xcassets"; sourceTree = "<group>"; };
		9C4D189C2BDA868F00F365E5 /* PostsTechiebutlerTests.xctest */ = {isa = PBXFileReference; explicitFileType = wrapper.cfbundle; includeInIndex = 0; path = PostsTechiebutlerTests.xctest; sourceTree = BUILT_PRODUCTS_DIR; };
		9C4D18A02BDA868F00F365E5 /* PostsTechiebutlerTests.swift */ = {isa = PBXFileReference; lastKnownFileType = sourcecode.swift; path = PostsTechiebutlerTests.swift; sourceTree = "<group>"; };
		9C4D18A62BDA868F00F365E5 /* PostsTechiebutlerUITests.xctest */ = {isa = PBXFileReference; explicitFileType = wrapper.cfbundle; includeInIndex = 0; path = PostsTechiebutlerUITests.xctest; sourceTree = BUILT_PRODUCTS_DIR; };
		9C4D18AA2BDA868F00F365E5 /* PostsTechiebutlerUITests.swift */ = {isa = PBXFileReference; lastKnownFileType = sourcecode.swift; path = PostsTechiebutlerUITests.swift; sourceTree = "<group>"; };
		9C4D18AC2BDA868F00F365E5 /* PostsTechiebutlerUITestsLaunchTests.swift */ = {isa = PBXFileReference; lastKnownFileType = sourcecode.swift; path = PostsTechiebutlerUITestsLaunchTests.swift; sourceTree = "<group>"; };
		9C4D18B92BDA88A800F365E5 /* PostsView.swift */ = {isa = PBXFileReference; lastKnownFileType = sourcecode.swift; path = PostsView.swift; sourceTree = "<group>"; };
		9C4D18BB2BDA8C5700F365E5 /* APIManager.swift */ = {isa = PBXFileReference; lastKnownFileType = sourcecode.swift; path = APIManager.swift; sourceTree = "<group>"; };
		9C4D18BD2BDA8CA600F365E5 /* PostModel.swift */ = {isa = PBXFileReference; lastKnownFileType = sourcecode.swift; path = PostModel.swift; sourceTree = "<group>"; };
		9C4D18BF2BDA8D7A00F365E5 /* PostViewModel.swift */ = {isa = PBXFileReference; lastKnownFileType = sourcecode.swift; path = PostViewModel.swift; sourceTree = "<group>"; };
		9C4D18C12BDA8F7000F365E5 /* ListPostView.swift */ = {isa = PBXFileReference; lastKnownFileType = sourcecode.swift; path = ListPostView.swift; sourceTree = "<group>"; };
		9C4D18C32BDA914200F365E5 /* ActivityIndicatorView.swift */ = {isa = PBXFileReference; lastKnownFileType = sourcecode.swift; path = ActivityIndicatorView.swift; sourceTree = "<group>"; };
		9C4D18C82BDABC4D00F365E5 /* PostDetailView.swift */ = {isa = PBXFileReference; lastKnownFileType = sourcecode.swift; path = PostDetailView.swift; sourceTree = "<group>"; };
/* End PBXFileReference section */

/* Begin PBXFrameworksBuildPhase section */
		9C4D18892BDA868C00F365E5 /* Frameworks */ = {
			isa = PBXFrameworksBuildPhase;
			buildActionMask = 2147483647;
			files = (
			);
			runOnlyForDeploymentPostprocessing = 0;
		};
		9C4D18992BDA868F00F365E5 /* Frameworks */ = {
			isa = PBXFrameworksBuildPhase;
			buildActionMask = 2147483647;
			files = (
			);
			runOnlyForDeploymentPostprocessing = 0;
		};
		9C4D18A32BDA868F00F365E5 /* Frameworks */ = {
			isa = PBXFrameworksBuildPhase;
			buildActionMask = 2147483647;
			files = (
			);
			runOnlyForDeploymentPostprocessing = 0;
		};
/* End PBXFrameworksBuildPhase section */

/* Begin PBXGroup section */
		9C4D18832BDA868C00F365E5 = {
			isa = PBXGroup;
			children = (
				9C4D188E2BDA868C00F365E5 /* PostsTechiebutler */,
				9C4D189F2BDA868F00F365E5 /* PostsTechiebutlerTests */,
				9C4D18A92BDA868F00F365E5 /* PostsTechiebutlerUITests */,
				9C4D188D2BDA868C00F365E5 /* Products */,
			);
			sourceTree = "<group>";
		};
		9C4D188D2BDA868C00F365E5 /* Products */ = {
			isa = PBXGroup;
			children = (
				9C4D188C2BDA868C00F365E5 /* PostsTechiebutler.app */,
				9C4D189C2BDA868F00F365E5 /* PostsTechiebutlerTests.xctest */,
				9C4D18A62BDA868F00F365E5 /* PostsTechiebutlerUITests.xctest */,
			);
			name = Products;
			sourceTree = "<group>";
		};
		9C4D188E2BDA868C00F365E5 /* PostsTechiebutler */ = {
			isa = PBXGroup;
			children = (
				9C4D18C72BDA9C0800F365E5 /* Model */,
				9C4D18C62BDA9BEE00F365E5 /* ViewModel */,
				9C4D18C52BDA9BDE00F365E5 /* View */,
				9C4D188F2BDA868C00F365E5 /* PostsTechiebutlerApp.swift */,
				9C4D18932BDA868F00F365E5 /* Assets.xcassets */,
				9C4D18952BDA868F00F365E5 /* Preview Content */,
			);
			path = PostsTechiebutler;
			sourceTree = "<group>";
		};
		9C4D18952BDA868F00F365E5 /* Preview Content */ = {
			isa = PBXGroup;
			children = (
				9C4D18962BDA868F00F365E5 /* Preview Assets.xcassets */,
			);
			path = "Preview Content";
			sourceTree = "<group>";
		};
		9C4D189F2BDA868F00F365E5 /* PostsTechiebutlerTests */ = {
			isa = PBXGroup;
			children = (
				9C4D18A02BDA868F00F365E5 /* PostsTechiebutlerTests.swift */,
			);
			path = PostsTechiebutlerTests;
			sourceTree = "<group>";
		};
		9C4D18A92BDA868F00F365E5 /* PostsTechiebutlerUITests */ = {
			isa = PBXGroup;
			children = (
				9C4D18AA2BDA868F00F365E5 /* PostsTechiebutlerUITests.swift */,
				9C4D18AC2BDA868F00F365E5 /* PostsTechiebutlerUITestsLaunchTests.swift */,
			);
			path = PostsTechiebutlerUITests;
			sourceTree = "<group>";
		};
		9C4D18C52BDA9BDE00F365E5 /* View */ = {
			isa = PBXGroup;
			children = (
				9C4D18C32BDA914200F365E5 /* ActivityIndicatorView.swift */,
				9C4D18B92BDA88A800F365E5 /* PostsView.swift */,
				9C4D18C12BDA8F7000F365E5 /* ListPostView.swift */,
				9C4D18C82BDABC4D00F365E5 /* PostDetailView.swift */,
			);
			path = View;
			sourceTree = "<group>";
		};
		9C4D18C62BDA9BEE00F365E5 /* ViewModel */ = {
			isa = PBXGroup;
			children = (
				9C4D18BF2BDA8D7A00F365E5 /* PostViewModel.swift */,
				9C4D18BB2BDA8C5700F365E5 /* APIManager.swift */,
			);
			path = ViewModel;
			sourceTree = "<group>";
		};
		9C4D18C72BDA9C0800F365E5 /* Model */ = {
			isa = PBXGroup;
			children = (
				9C4D18BD2BDA8CA600F365E5 /* PostModel.swift */,
			);
			path = Model;
			sourceTree = "<group>";
		};
/* End PBXGroup section */

/* Begin PBXNativeTarget section */
		9C4D188B2BDA868C00F365E5 /* PostsTechiebutler */ = {
			isa = PBXNativeTarget;
			buildConfigurationList = 9C4D18B02BDA868F00F365E5 /* Build configuration list for PBXNativeTarget "PostsTechiebutler" */;
			buildPhases = (
				9C4D18882BDA868C00F365E5 /* Sources */,
				9C4D18892BDA868C00F365E5 /* Frameworks */,
				9C4D188A2BDA868C00F365E5 /* Resources */,
			);
			buildRules = (
			);
			dependencies = (
			);
			name = PostsTechiebutler;
			productName = PostsTechiebutler;
			productReference = 9C4D188C2BDA868C00F365E5 /* PostsTechiebutler.app */;
			productType = "com.apple.product-type.application";
		};
		9C4D189B2BDA868F00F365E5 /* PostsTechiebutlerTests */ = {
			isa = PBXNativeTarget;
			buildConfigurationList = 9C4D18B32BDA868F00F365E5 /* Build configuration list for PBXNativeTarget "PostsTechiebutlerTests" */;
			buildPhases = (
				9C4D18982BDA868F00F365E5 /* Sources */,
				9C4D18992BDA868F00F365E5 /* Frameworks */,
				9C4D189A2BDA868F00F365E5 /* Resources */,
			);
			buildRules = (
			);
			dependencies = (
				9C4D189E2BDA868F00F365E5 /* PBXTargetDependency */,
			);
			name = PostsTechiebutlerTests;
			productName = PostsTechiebutlerTests;
			productReference = 9C4D189C2BDA868F00F365E5 /* PostsTechiebutlerTests.xctest */;
			productType = "com.apple.product-type.bundle.unit-test";
		};
		9C4D18A52BDA868F00F365E5 /* PostsTechiebutlerUITests */ = {
			isa = PBXNativeTarget;
			buildConfigurationList = 9C4D18B62BDA868F00F365E5 /* Build configuration list for PBXNativeTarget "PostsTechiebutlerUITests" */;
			buildPhases = (
				9C4D18A22BDA868F00F365E5 /* Sources */,
				9C4D18A32BDA868F00F365E5 /* Frameworks */,
				9C4D18A42BDA868F00F365E5 /* Resources */,
			);
			buildRules = (
			);
			dependencies = (
				9C4D18A82BDA868F00F365E5 /* PBXTargetDependency */,
			);
			name = PostsTechiebutlerUITests;
			productName = PostsTechiebutlerUITests;
			productReference = 9C4D18A62BDA868F00F365E5 /* PostsTechiebutlerUITests.xctest */;
			productType = "com.apple.product-type.bundle.ui-testing";
		};
/* End PBXNativeTarget section */

/* Begin PBXProject section */
		9C4D18842BDA868C00F365E5 /* Project object */ = {
			isa = PBXProject;
			attributes = {
				BuildIndependentTargetsInParallel = 1;
				LastSwiftUpdateCheck = 1510;
				LastUpgradeCheck = 1510;
				TargetAttributes = {
					9C4D188B2BDA868C00F365E5 = {
						CreatedOnToolsVersion = 15.1;
					};
					9C4D189B2BDA868F00F365E5 = {
						CreatedOnToolsVersion = 15.1;
						TestTargetID = 9C4D188B2BDA868C00F365E5;
					};
					9C4D18A52BDA868F00F365E5 = {
						CreatedOnToolsVersion = 15.1;
						TestTargetID = 9C4D188B2BDA868C00F365E5;
					};
				};
			};
			buildConfigurationList = 9C4D18872BDA868C00F365E5 /* Build configuration list for PBXProject "PostsTechiebutler" */;
			compatibilityVersion = "Xcode 14.0";
			developmentRegion = en;
			hasScannedForEncodings = 0;
			knownRegions = (
				en,
				Base,
			);
			mainGroup = 9C4D18832BDA868C00F365E5;
			productRefGroup = 9C4D188D2BDA868C00F365E5 /* Products */;
			projectDirPath = "";
			projectRoot = "";
			targets = (
				9C4D188B2BDA868C00F365E5 /* PostsTechiebutler */,
				9C4D189B2BDA868F00F365E5 /* PostsTechiebutlerTests */,
				9C4D18A52BDA868F00F365E5 /* PostsTechiebutlerUITests */,
			);
		};
/* End PBXProject section */

/* Begin PBXResourcesBuildPhase section */
		9C4D188A2BDA868C00F365E5 /* Resources */ = {
			isa = PBXResourcesBuildPhase;
			buildActionMask = 2147483647;
			files = (
				9C4D18972BDA868F00F365E5 /* Preview Assets.xcassets in Resources */,
				9C4D18942BDA868F00F365E5 /* Assets.xcassets in Resources */,
			);
			runOnlyForDeploymentPostprocessing = 0;
		};
		9C4D189A2BDA868F00F365E5 /* Resources */ = {
			isa = PBXResourcesBuildPhase;
			buildActionMask = 2147483647;
			files = (
			);
			runOnlyForDeploymentPostprocessing = 0;
		};
		9C4D18A42BDA868F00F365E5 /* Resources */ = {
			isa = PBXResourcesBuildPhase;
			buildActionMask = 2147483647;
			files = (
			);
			runOnlyForDeploymentPostprocessing = 0;
		};
/* End PBXResourcesBuildPhase section */

/* Begin PBXSourcesBuildPhase section */
		9C4D18882BDA868C00F365E5 /* Sources */ = {
			isa = PBXSourcesBuildPhase;
			buildActionMask = 2147483647;
			files = (
				9C4D18C02BDA8D7A00F365E5 /* PostViewModel.swift in Sources */,
				9C4D18BC2BDA8C5700F365E5 /* APIManager.swift in Sources */,
				9C4D18C22BDA8F7000F365E5 /* ListPostView.swift in Sources */,
				9C4D18C92BDABC4D00F365E5 /* PostDetailView.swift in Sources */,
				9C4D18BE2BDA8CA600F365E5 /* PostModel.swift in Sources */,
				9C4D18BA2BDA88A800F365E5 /* PostsView.swift in Sources */,
				9C4D18902BDA868C00F365E5 /* PostsTechiebutlerApp.swift in Sources */,
				9C4D18C42BDA914200F365E5 /* ActivityIndicatorView.swift in Sources */,
			);
			runOnlyForDeploymentPostprocessing = 0;
		};
		9C4D18982BDA868F00F365E5 /* Sources */ = {
			isa = PBXSourcesBuildPhase;
			buildActionMask = 2147483647;
			files = (
				9C4D18A12BDA868F00F365E5 /* PostsTechiebutlerTests.swift in Sources */,
			);
			runOnlyForDeploymentPostprocessing = 0;
		};
		9C4D18A22BDA868F00F365E5 /* Sources */ = {
			isa = PBXSourcesBuildPhase;
			buildActionMask = 2147483647;
			files = (
				9C4D18AD2BDA868F00F365E5 /* PostsTechiebutlerUITestsLaunchTests.swift in Sources */,
				9C4D18AB2BDA868F00F365E5 /* PostsTechiebutlerUITests.swift in Sources */,
			);
			runOnlyForDeploymentPostprocessing = 0;
		};
/* End PBXSourcesBuildPhase section */

/* Begin PBXTargetDependency section */
		9C4D189E2BDA868F00F365E5 /* PBXTargetDependency */ = {
			isa = PBXTargetDependency;
			target = 9C4D188B2BDA868C00F365E5 /* PostsTechiebutler */;
			targetProxy = 9C4D189D2BDA868F00F365E5 /* PBXContainerItemProxy */;
		};
		9C4D18A82BDA868F00F365E5 /* PBXTargetDependency */ = {
			isa = PBXTargetDependency;
			target = 9C4D188B2BDA868C00F365E5 /* PostsTechiebutler */;
			targetProxy = 9C4D18A72BDA868F00F365E5 /* PBXContainerItemProxy */;
		};
/* End PBXTargetDependency section */

/* Begin XCBuildConfiguration section */
		9C4D18AE2BDA868F00F365E5 /* Debug */ = {
			isa = XCBuildConfiguration;
			buildSettings = {
				ALWAYS_SEARCH_USER_PATHS = NO;
				ASSETCATALOG_COMPILER_GENERATE_SWIFT_ASSET_SYMBOL_EXTENSIONS = YES;
				CLANG_ANALYZER_NONNULL = YES;
				CLANG_ANALYZER_NUMBER_OBJECT_CONVERSION = YES_AGGRESSIVE;
				CLANG_CXX_LANGUAGE_STANDARD = "gnu++20";
				CLANG_ENABLE_MODULES = YES;
				CLANG_ENABLE_OBJC_ARC = YES;
				CLANG_ENABLE_OBJC_WEAK = YES;
				CLANG_WARN_BLOCK_CAPTURE_AUTORELEASING = YES;
				CLANG_WARN_BOOL_CONVERSION = YES;
				CLANG_WARN_COMMA = YES;
				CLANG_WARN_CONSTANT_CONVERSION = YES;
				CLANG_WARN_DEPRECATED_OBJC_IMPLEMENTATIONS = YES;
				CLANG_WARN_DIRECT_OBJC_ISA_USAGE = YES_ERROR;
				CLANG_WARN_DOCUMENTATION_COMMENTS = YES;
				CLANG_WARN_EMPTY_BODY = YES;
				CLANG_WARN_ENUM_CONVERSION = YES;
				CLANG_WARN_INFINITE_RECURSION = YES;
				CLANG_WARN_INT_CONVERSION = YES;
				CLANG_WARN_NON_LITERAL_NULL_CONVERSION = YES;
				CLANG_WARN_OBJC_IMPLICIT_RETAIN_SELF = YES;
				CLANG_WARN_OBJC_LITERAL_CONVERSION = YES;
				CLANG_WARN_OBJC_ROOT_CLASS = YES_ERROR;
				CLANG_WARN_QUOTED_INCLUDE_IN_FRAMEWORK_HEADER = YES;
				CLANG_WARN_RANGE_LOOP_ANALYSIS = YES;
				CLANG_WARN_STRICT_PROTOTYPES = YES;
				CLANG_WARN_SUSPICIOUS_MOVE = YES;
				CLANG_WARN_UNGUARDED_AVAILABILITY = YES_AGGRESSIVE;
				CLANG_WARN_UNREACHABLE_CODE = YES;
				CLANG_WARN__DUPLICATE_METHOD_MATCH = YES;
				COPY_PHASE_STRIP = NO;
				DEBUG_INFORMATION_FORMAT = dwarf;
				ENABLE_STRICT_OBJC_MSGSEND = YES;
				ENABLE_TESTABILITY = YES;
				ENABLE_USER_SCRIPT_SANDBOXING = YES;
				GCC_C_LANGUAGE_STANDARD = gnu17;
				GCC_DYNAMIC_NO_PIC = NO;
				GCC_NO_COMMON_BLOCKS = YES;
				GCC_OPTIMIZATION_LEVEL = 0;
				GCC_PREPROCESSOR_DEFINITIONS = (
					"DEBUG=1",
					"$(inherited)",
				);
				GCC_WARN_64_TO_32_BIT_CONVERSION = YES;
				GCC_WARN_ABOUT_RETURN_TYPE = YES_ERROR;
				GCC_WARN_UNDECLARED_SELECTOR = YES;
				GCC_WARN_UNINITIALIZED_AUTOS = YES_AGGRESSIVE;
				GCC_WARN_UNUSED_FUNCTION = YES;
				GCC_WARN_UNUSED_VARIABLE = YES;
				IPHONEOS_DEPLOYMENT_TARGET = 17.2;
				LOCALIZATION_PREFERS_STRING_CATALOGS = YES;
				MTL_ENABLE_DEBUG_INFO = INCLUDE_SOURCE;
				MTL_FAST_MATH = YES;
				ONLY_ACTIVE_ARCH = YES;
				SDKROOT = iphoneos;
				SWIFT_ACTIVE_COMPILATION_CONDITIONS = "DEBUG $(inherited)";
				SWIFT_OPTIMIZATION_LEVEL = "-Onone";
			};
			name = Debug;
		};
		9C4D18AF2BDA868F00F365E5 /* Release */ = {
			isa = XCBuildConfiguration;
			buildSettings = {
				ALWAYS_SEARCH_USER_PATHS = NO;
				ASSETCATALOG_COMPILER_GENERATE_SWIFT_ASSET_SYMBOL_EXTENSIONS = YES;
				CLANG_ANALYZER_NONNULL = YES;
				CLANG_ANALYZER_NUMBER_OBJECT_CONVERSION = YES_AGGRESSIVE;
				CLANG_CXX_LANGUAGE_STANDARD = "gnu++20";
				CLANG_ENABLE_MODULES = YES;
				CLANG_ENABLE_OBJC_ARC = YES;
				CLANG_ENABLE_OBJC_WEAK = YES;
				CLANG_WARN_BLOCK_CAPTURE_AUTORELEASING = YES;
				CLANG_WARN_BOOL_CONVERSION = YES;
				CLANG_WARN_COMMA = YES;
				CLANG_WARN_CONSTANT_CONVERSION = YES;
				CLANG_WARN_DEPRECATED_OBJC_IMPLEMENTATIONS = YES;
				CLANG_WARN_DIRECT_OBJC_ISA_USAGE = YES_ERROR;
				CLANG_WARN_DOCUMENTATION_COMMENTS = YES;
				CLANG_WARN_EMPTY_BODY = YES;
				CLANG_WARN_ENUM_CONVERSION = YES;
				CLANG_WARN_INFINITE_RECURSION = YES;
				CLANG_WARN_INT_CONVERSION = YES;
				CLANG_WARN_NON_LITERAL_NULL_CONVERSION = YES;
				CLANG_WARN_OBJC_IMPLICIT_RETAIN_SELF = YES;
				CLANG_WARN_OBJC_LITERAL_CONVERSION = YES;
				CLANG_WARN_OBJC_ROOT_CLASS = YES_ERROR;
				CLANG_WARN_QUOTED_INCLUDE_IN_FRAMEWORK_HEADER = YES;
				CLANG_WARN_RANGE_LOOP_ANALYSIS = YES;
				CLANG_WARN_STRICT_PROTOTYPES = YES;
				CLANG_WARN_SUSPICIOUS_MOVE = YES;
				CLANG_WARN_UNGUARDED_AVAILABILITY = YES_AGGRESSIVE;
				CLANG_WARN_UNREACHABLE_CODE = YES;
				CLANG_WARN__DUPLICATE_METHOD_MATCH = YES;
				COPY_PHASE_STRIP = NO;
				DEBUG_INFORMATION_FORMAT = "dwarf-with-dsym";
				ENABLE_NS_ASSERTIONS = NO;
				ENABLE_STRICT_OBJC_MSGSEND = YES;
				ENABLE_USER_SCRIPT_SANDBOXING = YES;
				GCC_C_LANGUAGE_STANDARD = gnu17;
				GCC_NO_COMMON_BLOCKS = YES;
				GCC_WARN_64_TO_32_BIT_CONVERSION = YES;
				GCC_WARN_ABOUT_RETURN_TYPE = YES_ERROR;
				GCC_WARN_UNDECLARED_SELECTOR = YES;
				GCC_WARN_UNINITIALIZED_AUTOS = YES_AGGRESSIVE;
				GCC_WARN_UNUSED_FUNCTION = YES;
				GCC_WARN_UNUSED_VARIABLE = YES;
				IPHONEOS_DEPLOYMENT_TARGET = 17.2;
				LOCALIZATION_PREFERS_STRING_CATALOGS = YES;
				MTL_ENABLE_DEBUG_INFO = NO;
				MTL_FAST_MATH = YES;
				SDKROOT = iphoneos;
				SWIFT_COMPILATION_MODE = wholemodule;
				VALIDATE_PRODUCT = YES;
			};
			name = Release;
		};
		9C4D18B12BDA868F00F365E5 /* Debug */ = {
			isa = XCBuildConfiguration;
			buildSettings = {
				ASSETCATALOG_COMPILER_APPICON_NAME = AppIcon;
				ASSETCATALOG_COMPILER_GLOBAL_ACCENT_COLOR_NAME = AccentColor;
				CODE_SIGN_STYLE = Automatic;
				CURRENT_PROJECT_VERSION = 1;
				DEVELOPMENT_ASSET_PATHS = "\"PostsTechiebutler/Preview Content\"";
				DEVELOPMENT_TEAM = HM986N8YTA;
				ENABLE_PREVIEWS = YES;
				GENERATE_INFOPLIST_FILE = YES;
				INFOPLIST_KEY_UIApplicationSceneManifest_Generation = YES;
				INFOPLIST_KEY_UIApplicationSupportsIndirectInputEvents = YES;
				INFOPLIST_KEY_UILaunchScreen_Generation = YES;
				INFOPLIST_KEY_UISupportedInterfaceOrientations_iPad = "UIInterfaceOrientationPortrait UIInterfaceOrientationPortraitUpsideDown UIInterfaceOrientationLandscapeLeft UIInterfaceOrientationLandscapeRight";
				INFOPLIST_KEY_UISupportedInterfaceOrientations_iPhone = "UIInterfaceOrientationPortrait UIInterfaceOrientationLandscapeLeft UIInterfaceOrientationLandscapeRight";
				LD_RUNPATH_SEARCH_PATHS = (
					"$(inherited)",
					"@executable_path/Frameworks",
				);
				MARKETING_VERSION = 1.0;
				PRODUCT_BUNDLE_IDENTIFIER = com.insuide.PostsTechiebutler;
				PRODUCT_NAME = "$(TARGET_NAME)";
				SWIFT_EMIT_LOC_STRINGS = YES;
				SWIFT_VERSION = 5.0;
				TARGETED_DEVICE_FAMILY = "1,2";
			};
			name = Debug;
		};
		9C4D18B22BDA868F00F365E5 /* Release */ = {
			isa = XCBuildConfiguration;
			buildSettings = {
				ASSETCATALOG_COMPILER_APPICON_NAME = AppIcon;
				ASSETCATALOG_COMPILER_GLOBAL_ACCENT_COLOR_NAME = AccentColor;
				CODE_SIGN_STYLE = Automatic;
				CURRENT_PROJECT_VERSION = 1;
				DEVELOPMENT_ASSET_PATHS = "\"PostsTechiebutler/Preview Content\"";
				DEVELOPMENT_TEAM = HM986N8YTA;
				ENABLE_PREVIEWS = YES;
				GENERATE_INFOPLIST_FILE = YES;
				INFOPLIST_KEY_UIApplicationSceneManifest_Generation = YES;
				INFOPLIST_KEY_UIApplicationSupportsIndirectInputEvents = YES;
				INFOPLIST_KEY_UILaunchScreen_Generation = YES;
				INFOPLIST_KEY_UISupportedInterfaceOrientations_iPad = "UIInterfaceOrientationPortrait UIInterfaceOrientationPortraitUpsideDown UIInterfaceOrientationLandscapeLeft UIInterfaceOrientationLandscapeRight";
				INFOPLIST_KEY_UISupportedInterfaceOrientations_iPhone = "UIInterfaceOrientationPortrait UIInterfaceOrientationLandscapeLeft UIInterfaceOrientationLandscapeRight";
				LD_RUNPATH_SEARCH_PATHS = (
					"$(inherited)",
					"@executable_path/Frameworks",
				);
				MARKETING_VERSION = 1.0;
				PRODUCT_BUNDLE_IDENTIFIER = com.insuide.PostsTechiebutler;
				PRODUCT_NAME = "$(TARGET_NAME)";
				SWIFT_EMIT_LOC_STRINGS = YES;
				SWIFT_VERSION = 5.0;
				TARGETED_DEVICE_FAMILY = "1,2";
			};
			name = Release;
		};
		9C4D18B42BDA868F00F365E5 /* Debug */ = {
			isa = XCBuildConfiguration;
			buildSettings = {
				ALWAYS_EMBED_SWIFT_STANDARD_LIBRARIES = YES;
				BUNDLE_LOADER = "$(TEST_HOST)";
				CODE_SIGN_STYLE = Automatic;
				CURRENT_PROJECT_VERSION = 1;
				DEVELOPMENT_TEAM = HM986N8YTA;
				GENERATE_INFOPLIST_FILE = YES;
				IPHONEOS_DEPLOYMENT_TARGET = 17.2;
				MARKETING_VERSION = 1.0;
				PRODUCT_BUNDLE_IDENTIFIER = com.insuide.PostsTechiebutlerTests;
				PRODUCT_NAME = "$(TARGET_NAME)";
				SWIFT_EMIT_LOC_STRINGS = NO;
				SWIFT_VERSION = 5.0;
				TARGETED_DEVICE_FAMILY = "1,2";
				TEST_HOST = "$(BUILT_PRODUCTS_DIR)/PostsTechiebutler.app/$(BUNDLE_EXECUTABLE_FOLDER_PATH)/PostsTechiebutler";
			};
			name = Debug;
		};
		9C4D18B52BDA868F00F365E5 /* Release */ = {
			isa = XCBuildConfiguration;
			buildSettings = {
				ALWAYS_EMBED_SWIFT_STANDARD_LIBRARIES = YES;
				BUNDLE_LOADER = "$(TEST_HOST)";
				CODE_SIGN_STYLE = Automatic;
				CURRENT_PROJECT_VERSION = 1;
				DEVELOPMENT_TEAM = HM986N8YTA;
				GENERATE_INFOPLIST_FILE = YES;
				IPHONEOS_DEPLOYMENT_TARGET = 17.2;
				MARKETING_VERSION = 1.0;
				PRODUCT_BUNDLE_IDENTIFIER = com.insuide.PostsTechiebutlerTests;
				PRODUCT_NAME = "$(TARGET_NAME)";
				SWIFT_EMIT_LOC_STRINGS = NO;
				SWIFT_VERSION = 5.0;
				TARGETED_DEVICE_FAMILY = "1,2";
				TEST_HOST = "$(BUILT_PRODUCTS_DIR)/PostsTechiebutler.app/$(BUNDLE_EXECUTABLE_FOLDER_PATH)/PostsTechiebutler";
			};
			name = Release;
		};
		9C4D18B72BDA868F00F365E5 /* Debug */ = {
			isa = XCBuildConfiguration;
			buildSettings = {
				ALWAYS_EMBED_SWIFT_STANDARD_LIBRARIES = YES;
				CODE_SIGN_STYLE = Automatic;
				CURRENT_PROJECT_VERSION = 1;
				DEVELOPMENT_TEAM = HM986N8YTA;
				GENERATE_INFOPLIST_FILE = YES;
				MARKETING_VERSION = 1.0;
				PRODUCT_BUNDLE_IDENTIFIER = com.insuide.PostsTechiebutlerUITests;
				PRODUCT_NAME = "$(TARGET_NAME)";
				SWIFT_EMIT_LOC_STRINGS = NO;
				SWIFT_VERSION = 5.0;
				TARGETED_DEVICE_FAMILY = "1,2";
				TEST_TARGET_NAME = PostsTechiebutler;
			};
			name = Debug;
		};
		9C4D18B82BDA868F00F365E5 /* Release */ = {
			isa = XCBuildConfiguration;
			buildSettings = {
				ALWAYS_EMBED_SWIFT_STANDARD_LIBRARIES = YES;
				CODE_SIGN_STYLE = Automatic;
				CURRENT_PROJECT_VERSION = 1;
				DEVELOPMENT_TEAM = HM986N8YTA;
				GENERATE_INFOPLIST_FILE = YES;
				MARKETING_VERSION = 1.0;
				PRODUCT_BUNDLE_IDENTIFIER = com.insuide.PostsTechiebutlerUITests;
				PRODUCT_NAME = "$(TARGET_NAME)";
				SWIFT_EMIT_LOC_STRINGS = NO;
				SWIFT_VERSION = 5.0;
				TARGETED_DEVICE_FAMILY = "1,2";
				TEST_TARGET_NAME = PostsTechiebutler;
			};
			name = Release;
		};
/* End XCBuildConfiguration section */

/* Begin XCConfigurationList section */
		9C4D18872BDA868C00F365E5 /* Build configuration list for PBXProject "PostsTechiebutler" */ = {
			isa = XCConfigurationList;
			buildConfigurations = (
				9C4D18AE2BDA868F00F365E5 /* Debug */,
				9C4D18AF2BDA868F00F365E5 /* Release */,
			);
			defaultConfigurationIsVisible = 0;
			defaultConfigurationName = Release;
		};
		9C4D18B02BDA868F00F365E5 /* Build configuration list for PBXNativeTarget "PostsTechiebutler" */ = {
			isa = XCConfigurationList;
			buildConfigurations = (
				9C4D18B12BDA868F00F365E5 /* Debug */,
				9C4D18B22BDA868F00F365E5 /* Release */,
			);
			defaultConfigurationIsVisible = 0;
			defaultConfigurationName = Release;
		};
		9C4D18B32BDA868F00F365E5 /* Build configuration list for PBXNativeTarget "PostsTechiebutlerTests" */ = {
			isa = XCConfigurationList;
			buildConfigurations = (
				9C4D18B42BDA868F00F365E5 /* Debug */,
				9C4D18B52BDA868F00F365E5 /* Release */,
			);
			defaultConfigurationIsVisible = 0;
			defaultConfigurationName = Release;
		};
		9C4D18B62BDA868F00F365E5 /* Build configuration list for PBXNativeTarget "PostsTechiebutlerUITests" */ = {
			isa = XCConfigurationList;
			buildConfigurations = (
				9C4D18B72BDA868F00F365E5 /* Debug */,
				9C4D18B82BDA868F00F365E5 /* Release */,
			);
			defaultConfigurationIsVisible = 0;
			defaultConfigurationName = Release;
		};
/* End XCConfigurationList section */
	};
	rootObject = 9C4D18842BDA868C00F365E5 /* Project object */;
}
